// !$*UTF8*$!
{
	archiveVersion = 1;
	classes = {
	};
	objectVersion = 50;
	objects = {

/* Begin PBXBuildFile section */
		982C404F24B4105F00A132E0 /* SwiftTar.framework in Frameworks */ = {isa = PBXBuildFile; fileRef = 982C404524B4105F00A132E0 /* SwiftTar.framework */; };
		982C405424B4105F00A132E0 /* SwiftTarTests.swift in Sources */ = {isa = PBXBuildFile; fileRef = 982C405324B4105F00A132E0 /* SwiftTarTests.swift */; };
		982C405624B4105F00A132E0 /* SwiftTar.h in Headers */ = {isa = PBXBuildFile; fileRef = 982C404824B4105F00A132E0 /* SwiftTar.h */; settings = {ATTRIBUTES = (Public, ); }; };
		982C406824B410BA00A132E0 /* ByteReader+Tar.swift in Sources */ = {isa = PBXBuildFile; fileRef = 982C405F24B410BA00A132E0 /* ByteReader+Tar.swift */; };
		982C406924B410BA00A132E0 /* ContainerEntryType+Tar.swift in Sources */ = {isa = PBXBuildFile; fileRef = 982C406024B410BA00A132E0 /* ContainerEntryType+Tar.swift */; };
		982C406A24B410BA00A132E0 /* TarExtendedHeader.swift in Sources */ = {isa = PBXBuildFile; fileRef = 982C406124B410BA00A132E0 /* TarExtendedHeader.swift */; };
		982C406B24B410BA00A132E0 /* TarEntryInfo.swift in Sources */ = {isa = PBXBuildFile; fileRef = 982C406224B410BA00A132E0 /* TarEntryInfo.swift */; };
		982C406C24B410BA00A132E0 /* TarContainer.swift in Sources */ = {isa = PBXBuildFile; fileRef = 982C406324B410BA00A132E0 /* TarContainer.swift */; };
		982C406D24B410BA00A132E0 /* TarEntryInfoProvider.swift in Sources */ = {isa = PBXBuildFile; fileRef = 982C406424B410BA00A132E0 /* TarEntryInfoProvider.swift */; };
		982C406E24B410BA00A132E0 /* TarError.swift in Sources */ = {isa = PBXBuildFile; fileRef = 982C406524B410BA00A132E0 /* TarError.swift */; };
		982C406F24B410BA00A132E0 /* TarEntry.swift in Sources */ = {isa = PBXBuildFile; fileRef = 982C406624B410BA00A132E0 /* TarEntry.swift */; };
		982C407024B410BA00A132E0 /* TarCreateError.swift in Sources */ = {isa = PBXBuildFile; fileRef = 982C406724B410BA00A132E0 /* TarCreateError.swift */; };
		982C407A24B411F400A132E0 /* ContainerEntryInfo.swift in Sources */ = {isa = PBXBuildFile; fileRef = 982C407424B411F400A132E0 /* ContainerEntryInfo.swift */; };
		982C407C24B411F400A132E0 /* Permissions.swift in Sources */ = {isa = PBXBuildFile; fileRef = 982C407624B411F400A132E0 /* Permissions.swift */; };
		982C407D24B411F400A132E0 /* ContainerEntryType.swift in Sources */ = {isa = PBXBuildFile; fileRef = 982C407724B411F400A132E0 /* ContainerEntryType.swift */; };
		982C407E24B411F400A132E0 /* ContainerEntry.swift in Sources */ = {isa = PBXBuildFile; fileRef = 982C407824B411F400A132E0 /* ContainerEntry.swift */; };
		982C407F24B411F400A132E0 /* Container.swift in Sources */ = {isa = PBXBuildFile; fileRef = 982C407924B411F400A132E0 /* Container.swift */; };
		982C408A24B4120C00A132E0 /* Integer+Extensions.swift in Sources */ = {isa = PBXBuildFile; fileRef = 982C408224B4120C00A132E0 /* Integer+Extensions.swift */; };
		982C408B24B4120C00A132E0 /* Archive.swift in Sources */ = {isa = PBXBuildFile; fileRef = 982C408324B4120C00A132E0 /* Archive.swift */; };
		982C409F24B4126900A132E0 /* LittleEndianByteReader.swift in Sources */ = {isa = PBXBuildFile; fileRef = 982C409424B4126900A132E0 /* LittleEndianByteReader.swift */; };
		982C40A124B4126900A132E0 /* Data+Extensions.swift in Sources */ = {isa = PBXBuildFile; fileRef = 982C409624B4126900A132E0 /* Data+Extensions.swift */; };
		982C40A424B4126900A132E0 /* ByteReader.swift in Sources */ = {isa = PBXBuildFile; fileRef = 982C409924B4126900A132E0 /* ByteReader.swift */; };
		982C40A824B414DD00A132E0 /* file_directory_symlink.tar in Resources */ = {isa = PBXBuildFile; fileRef = 982C40A724B414DD00A132E0 /* file_directory_symlink.tar */; };
		982C40AA24B41DB700A132E0 /* CompressionMethod.swift in Sources */ = {isa = PBXBuildFile; fileRef = 982C40A924B41DB700A132E0 /* CompressionMethod.swift */; };
/* End PBXBuildFile section */

/* Begin PBXContainerItemProxy section */
		982C405024B4105F00A132E0 /* PBXContainerItemProxy */ = {
			isa = PBXContainerItemProxy;
			containerPortal = 982C403C24B4105F00A132E0 /* Project object */;
			proxyType = 1;
			remoteGlobalIDString = 982C404424B4105F00A132E0;
			remoteInfo = SwiftTar;
		};
/* End PBXContainerItemProxy section */

/* Begin PBXFileReference section */
		982C404524B4105F00A132E0 /* SwiftTar.framework */ = {isa = PBXFileReference; explicitFileType = wrapper.framework; includeInIndex = 0; path = SwiftTar.framework; sourceTree = BUILT_PRODUCTS_DIR; };
		982C404824B4105F00A132E0 /* SwiftTar.h */ = {isa = PBXFileReference; lastKnownFileType = sourcecode.c.h; path = SwiftTar.h; sourceTree = "<group>"; };
		982C404924B4105F00A132E0 /* Info.plist */ = {isa = PBXFileReference; lastKnownFileType = text.plist.xml; path = Info.plist; sourceTree = "<group>"; };
		982C404E24B4105F00A132E0 /* SwiftTarTests.xctest */ = {isa = PBXFileReference; explicitFileType = wrapper.cfbundle; includeInIndex = 0; path = SwiftTarTests.xctest; sourceTree = BUILT_PRODUCTS_DIR; };
		982C405324B4105F00A132E0 /* SwiftTarTests.swift */ = {isa = PBXFileReference; lastKnownFileType = sourcecode.swift; path = SwiftTarTests.swift; sourceTree = "<group>"; };
		982C405524B4105F00A132E0 /* Info.plist */ = {isa = PBXFileReference; lastKnownFileType = text.plist.xml; path = Info.plist; sourceTree = "<group>"; };
		982C405F24B410BA00A132E0 /* ByteReader+Tar.swift */ = {isa = PBXFileReference; fileEncoding = 4; lastKnownFileType = sourcecode.swift; path = "ByteReader+Tar.swift"; sourceTree = "<group>"; };
		982C406024B410BA00A132E0 /* ContainerEntryType+Tar.swift */ = {isa = PBXFileReference; fileEncoding = 4; lastKnownFileType = sourcecode.swift; path = "ContainerEntryType+Tar.swift"; sourceTree = "<group>"; };
		982C406124B410BA00A132E0 /* TarExtendedHeader.swift */ = {isa = PBXFileReference; fileEncoding = 4; lastKnownFileType = sourcecode.swift; path = TarExtendedHeader.swift; sourceTree = "<group>"; };
		982C406224B410BA00A132E0 /* TarEntryInfo.swift */ = {isa = PBXFileReference; fileEncoding = 4; lastKnownFileType = sourcecode.swift; path = TarEntryInfo.swift; sourceTree = "<group>"; };
		982C406324B410BA00A132E0 /* TarContainer.swift */ = {isa = PBXFileReference; fileEncoding = 4; lastKnownFileType = sourcecode.swift; path = TarContainer.swift; sourceTree = "<group>"; };
		982C406424B410BA00A132E0 /* TarEntryInfoProvider.swift */ = {isa = PBXFileReference; fileEncoding = 4; lastKnownFileType = sourcecode.swift; path = TarEntryInfoProvider.swift; sourceTree = "<group>"; };
		982C406524B410BA00A132E0 /* TarError.swift */ = {isa = PBXFileReference; fileEncoding = 4; lastKnownFileType = sourcecode.swift; path = TarError.swift; sourceTree = "<group>"; };
		982C406624B410BA00A132E0 /* TarEntry.swift */ = {isa = PBXFileReference; fileEncoding = 4; lastKnownFileType = sourcecode.swift; path = TarEntry.swift; sourceTree = "<group>"; };
		982C406724B410BA00A132E0 /* TarCreateError.swift */ = {isa = PBXFileReference; fileEncoding = 4; lastKnownFileType = sourcecode.swift; path = TarCreateError.swift; sourceTree = "<group>"; };
		982C407424B411F400A132E0 /* ContainerEntryInfo.swift */ = {isa = PBXFileReference; fileEncoding = 4; lastKnownFileType = sourcecode.swift; path = ContainerEntryInfo.swift; sourceTree = "<group>"; };
		982C407624B411F400A132E0 /* Permissions.swift */ = {isa = PBXFileReference; fileEncoding = 4; lastKnownFileType = sourcecode.swift; path = Permissions.swift; sourceTree = "<group>"; };
		982C407724B411F400A132E0 /* ContainerEntryType.swift */ = {isa = PBXFileReference; fileEncoding = 4; lastKnownFileType = sourcecode.swift; path = ContainerEntryType.swift; sourceTree = "<group>"; };
		982C407824B411F400A132E0 /* ContainerEntry.swift */ = {isa = PBXFileReference; fileEncoding = 4; lastKnownFileType = sourcecode.swift; path = ContainerEntry.swift; sourceTree = "<group>"; };
		982C407924B411F400A132E0 /* Container.swift */ = {isa = PBXFileReference; fileEncoding = 4; lastKnownFileType = sourcecode.swift; path = Container.swift; sourceTree = "<group>"; };
		982C408224B4120C00A132E0 /* Integer+Extensions.swift */ = {isa = PBXFileReference; fileEncoding = 4; lastKnownFileType = sourcecode.swift; path = "Integer+Extensions.swift"; sourceTree = "<group>"; };
		982C408324B4120C00A132E0 /* Archive.swift */ = {isa = PBXFileReference; fileEncoding = 4; lastKnownFileType = sourcecode.swift; path = Archive.swift; sourceTree = "<group>"; };
		982C409424B4126900A132E0 /* LittleEndianByteReader.swift */ = {isa = PBXFileReference; fileEncoding = 4; lastKnownFileType = sourcecode.swift; path = LittleEndianByteReader.swift; sourceTree = "<group>"; };
		982C409624B4126900A132E0 /* Data+Extensions.swift */ = {isa = PBXFileReference; fileEncoding = 4; lastKnownFileType = sourcecode.swift; path = "Data+Extensions.swift"; sourceTree = "<group>"; };
		982C409924B4126900A132E0 /* ByteReader.swift */ = {isa = PBXFileReference; fileEncoding = 4; lastKnownFileType = sourcecode.swift; path = ByteReader.swift; sourceTree = "<group>"; };
		982C40A724B414DD00A132E0 /* file_directory_symlink.tar */ = {isa = PBXFileReference; lastKnownFileType = archive.tar; path = file_directory_symlink.tar; sourceTree = "<group>"; };
		982C40A924B41DB700A132E0 /* CompressionMethod.swift */ = {isa = PBXFileReference; fileEncoding = 4; lastKnownFileType = sourcecode.swift; path = CompressionMethod.swift; sourceTree = "<group>"; };
		982C40AB24B41FB400A132E0 /* LICENSE */ = {isa = PBXFileReference; lastKnownFileType = text; path = LICENSE; sourceTree = "<group>"; };
/* End PBXFileReference section */

/* Begin PBXFrameworksBuildPhase section */
		982C404224B4105F00A132E0 /* Frameworks */ = {
			isa = PBXFrameworksBuildPhase;
			buildActionMask = 2147483647;
			files = (
			);
			runOnlyForDeploymentPostprocessing = 0;
		};
		982C404B24B4105F00A132E0 /* Frameworks */ = {
			isa = PBXFrameworksBuildPhase;
			buildActionMask = 2147483647;
			files = (
				982C404F24B4105F00A132E0 /* SwiftTar.framework in Frameworks */,
			);
			runOnlyForDeploymentPostprocessing = 0;
		};
/* End PBXFrameworksBuildPhase section */

/* Begin PBXGroup section */
		982C403B24B4105F00A132E0 = {
			isa = PBXGroup;
			children = (
				982C404724B4105F00A132E0 /* SwiftTar */,
				982C405224B4105F00A132E0 /* SwiftTarTests */,
				982C404624B4105F00A132E0 /* Products */,
				982C40AB24B41FB400A132E0 /* LICENSE */,
			);
			sourceTree = "<group>";
		};
		982C404624B4105F00A132E0 /* Products */ = {
			isa = PBXGroup;
			children = (
				982C404524B4105F00A132E0 /* SwiftTar.framework */,
				982C404E24B4105F00A132E0 /* SwiftTarTests.xctest */,
			);
			name = Products;
			sourceTree = "<group>";
		};
		982C404724B4105F00A132E0 /* SwiftTar */ = {
			isa = PBXGroup;
			children = (
				982C409024B4123D00A132E0 /* BitByteData */,
				982C407124B411CE00A132E0 /* Common */,
				982C407224B411D400A132E0 /* TAR */,
				982C404824B4105F00A132E0 /* SwiftTar.h */,
				982C404924B4105F00A132E0 /* Info.plist */,
			);
			path = SwiftTar;
			sourceTree = "<group>";
		};
		982C405224B4105F00A132E0 /* SwiftTarTests */ = {
			isa = PBXGroup;
			children = (
				982C40A724B414DD00A132E0 /* file_directory_symlink.tar */,
				982C405324B4105F00A132E0 /* SwiftTarTests.swift */,
				982C405524B4105F00A132E0 /* Info.plist */,
			);
			path = SwiftTarTests;
			sourceTree = "<group>";
		};
		982C407124B411CE00A132E0 /* Common */ = {
			isa = PBXGroup;
			children = (
				982C408324B4120C00A132E0 /* Archive.swift */,
				982C408224B4120C00A132E0 /* Integer+Extensions.swift */,
				982C40A924B41DB700A132E0 /* CompressionMethod.swift */,
				982C407324B411E900A132E0 /* Container */,
			);
			path = Common;
			sourceTree = "<group>";
		};
		982C407224B411D400A132E0 /* TAR */ = {
			isa = PBXGroup;
			children = (
				982C405F24B410BA00A132E0 /* ByteReader+Tar.swift */,
				982C406024B410BA00A132E0 /* ContainerEntryType+Tar.swift */,
				982C406324B410BA00A132E0 /* TarContainer.swift */,
				982C406724B410BA00A132E0 /* TarCreateError.swift */,
				982C406624B410BA00A132E0 /* TarEntry.swift */,
				982C406224B410BA00A132E0 /* TarEntryInfo.swift */,
				982C406424B410BA00A132E0 /* TarEntryInfoProvider.swift */,
				982C406524B410BA00A132E0 /* TarError.swift */,
				982C406124B410BA00A132E0 /* TarExtendedHeader.swift */,
			);
			path = TAR;
			sourceTree = "<group>";
		};
		982C407324B411E900A132E0 /* Container */ = {
			isa = PBXGroup;
			children = (
				982C407924B411F400A132E0 /* Container.swift */,
				982C407824B411F400A132E0 /* ContainerEntry.swift */,
				982C407424B411F400A132E0 /* ContainerEntryInfo.swift */,
				982C407724B411F400A132E0 /* ContainerEntryType.swift */,
				982C407624B411F400A132E0 /* Permissions.swift */,
			);
			path = Container;
			sourceTree = "<group>";
		};
		982C409024B4123D00A132E0 /* BitByteData */ = {
			isa = PBXGroup;
			children = (
				982C409924B4126900A132E0 /* ByteReader.swift */,
				982C409624B4126900A132E0 /* Data+Extensions.swift */,
				982C409424B4126900A132E0 /* LittleEndianByteReader.swift */,
			);
			path = BitByteData;
			sourceTree = "<group>";
		};
/* End PBXGroup section */

/* Begin PBXHeadersBuildPhase section */
		982C404024B4105F00A132E0 /* Headers */ = {
			isa = PBXHeadersBuildPhase;
			buildActionMask = 2147483647;
			files = (
				982C405624B4105F00A132E0 /* SwiftTar.h in Headers */,
			);
			runOnlyForDeploymentPostprocessing = 0;
		};
/* End PBXHeadersBuildPhase section */

/* Begin PBXNativeTarget section */
		982C404424B4105F00A132E0 /* SwiftTar */ = {
			isa = PBXNativeTarget;
			buildConfigurationList = 982C405924B4105F00A132E0 /* Build configuration list for PBXNativeTarget "SwiftTar" */;
			buildPhases = (
				982C404024B4105F00A132E0 /* Headers */,
				982C404124B4105F00A132E0 /* Sources */,
				982C404224B4105F00A132E0 /* Frameworks */,
				982C404324B4105F00A132E0 /* Resources */,
			);
			buildRules = (
			);
			dependencies = (
			);
			name = SwiftTar;
			productName = SwiftTar;
			productReference = 982C404524B4105F00A132E0 /* SwiftTar.framework */;
			productType = "com.apple.product-type.framework";
		};
		982C404D24B4105F00A132E0 /* SwiftTarTests */ = {
			isa = PBXNativeTarget;
			buildConfigurationList = 982C405C24B4105F00A132E0 /* Build configuration list for PBXNativeTarget "SwiftTarTests" */;
			buildPhases = (
				982C404A24B4105F00A132E0 /* Sources */,
				982C404B24B4105F00A132E0 /* Frameworks */,
				982C404C24B4105F00A132E0 /* Resources */,
			);
			buildRules = (
			);
			dependencies = (
				982C405124B4105F00A132E0 /* PBXTargetDependency */,
			);
			name = SwiftTarTests;
			productName = SwiftTarTests;
			productReference = 982C404E24B4105F00A132E0 /* SwiftTarTests.xctest */;
			productType = "com.apple.product-type.bundle.unit-test";
		};
/* End PBXNativeTarget section */

/* Begin PBXProject section */
		982C403C24B4105F00A132E0 /* Project object */ = {
			isa = PBXProject;
			attributes = {
				LastSwiftUpdateCheck = 1150;
				LastUpgradeCheck = 1150;
				ORGANIZATIONNAME = "Micah Rosales";
				TargetAttributes = {
					982C404424B4105F00A132E0 = {
						CreatedOnToolsVersion = 11.5;
						LastSwiftMigration = 1150;
					};
					982C404D24B4105F00A132E0 = {
						CreatedOnToolsVersion = 11.5;
					};
				};
			};
			buildConfigurationList = 982C403F24B4105F00A132E0 /* Build configuration list for PBXProject "SwiftTar" */;
			compatibilityVersion = "Xcode 9.3";
			developmentRegion = en;
			hasScannedForEncodings = 0;
			knownRegions = (
				en,
				Base,
			);
			mainGroup = 982C403B24B4105F00A132E0;
			productRefGroup = 982C404624B4105F00A132E0 /* Products */;
			projectDirPath = "";
			projectRoot = "";
			targets = (
				982C404424B4105F00A132E0 /* SwiftTar */,
				982C404D24B4105F00A132E0 /* SwiftTarTests */,
			);
		};
/* End PBXProject section */

/* Begin PBXResourcesBuildPhase section */
		982C404324B4105F00A132E0 /* Resources */ = {
			isa = PBXResourcesBuildPhase;
			buildActionMask = 2147483647;
			files = (
			);
			runOnlyForDeploymentPostprocessing = 0;
		};
		982C404C24B4105F00A132E0 /* Resources */ = {
			isa = PBXResourcesBuildPhase;
			buildActionMask = 2147483647;
			files = (
				982C40A824B414DD00A132E0 /* file_directory_symlink.tar in Resources */,
			);
			runOnlyForDeploymentPostprocessing = 0;
		};
/* End PBXResourcesBuildPhase section */

/* Begin PBXSourcesBuildPhase section */
		982C404124B4105F00A132E0 /* Sources */ = {
			isa = PBXSourcesBuildPhase;
			buildActionMask = 2147483647;
			files = (
				982C407A24B411F400A132E0 /* ContainerEntryInfo.swift in Sources */,
				982C40AA24B41DB700A132E0 /* CompressionMethod.swift in Sources */,
				982C408A24B4120C00A132E0 /* Integer+Extensions.swift in Sources */,
				982C407D24B411F400A132E0 /* ContainerEntryType.swift in Sources */,
				982C406924B410BA00A132E0 /* ContainerEntryType+Tar.swift in Sources */,
				982C406A24B410BA00A132E0 /* TarExtendedHeader.swift in Sources */,
				982C40A124B4126900A132E0 /* Data+Extensions.swift in Sources */,
				982C407024B410BA00A132E0 /* TarCreateError.swift in Sources */,
				982C407C24B411F400A132E0 /* Permissions.swift in Sources */,
				982C408B24B4120C00A132E0 /* Archive.swift in Sources */,
				982C406F24B410BA00A132E0 /* TarEntry.swift in Sources */,
				982C407F24B411F400A132E0 /* Container.swift in Sources */,
				982C406B24B410BA00A132E0 /* TarEntryInfo.swift in Sources */,
				982C409F24B4126900A132E0 /* LittleEndianByteReader.swift in Sources */,
				982C40A424B4126900A132E0 /* ByteReader.swift in Sources */,
				982C406824B410BA00A132E0 /* ByteReader+Tar.swift in Sources */,
				982C406E24B410BA00A132E0 /* TarError.swift in Sources */,
				982C407E24B411F400A132E0 /* ContainerEntry.swift in Sources */,
				982C406C24B410BA00A132E0 /* TarContainer.swift in Sources */,
				982C406D24B410BA00A132E0 /* TarEntryInfoProvider.swift in Sources */,
			);
			runOnlyForDeploymentPostprocessing = 0;
		};
		982C404A24B4105F00A132E0 /* Sources */ = {
			isa = PBXSourcesBuildPhase;
			buildActionMask = 2147483647;
			files = (
				982C405424B4105F00A132E0 /* SwiftTarTests.swift in Sources */,
			);
			runOnlyForDeploymentPostprocessing = 0;
		};
/* End PBXSourcesBuildPhase section */

/* Begin PBXTargetDependency section */
		982C405124B4105F00A132E0 /* PBXTargetDependency */ = {
			isa = PBXTargetDependency;
			target = 982C404424B4105F00A132E0 /* SwiftTar */;
			targetProxy = 982C405024B4105F00A132E0 /* PBXContainerItemProxy */;
		};
/* End PBXTargetDependency section */

/* Begin XCBuildConfiguration section */
		982C405724B4105F00A132E0 /* Debug */ = {
			isa = XCBuildConfiguration;
			buildSettings = {
				ALWAYS_SEARCH_USER_PATHS = NO;
				CLANG_ANALYZER_NONNULL = YES;
				CLANG_ANALYZER_NUMBER_OBJECT_CONVERSION = YES_AGGRESSIVE;
				CLANG_CXX_LANGUAGE_STANDARD = "gnu++14";
				CLANG_CXX_LIBRARY = "libc++";
				CLANG_ENABLE_MODULES = YES;
				CLANG_ENABLE_OBJC_ARC = YES;
				CLANG_ENABLE_OBJC_WEAK = YES;
				CLANG_WARN_BLOCK_CAPTURE_AUTORELEASING = YES;
				CLANG_WARN_BOOL_CONVERSION = YES;
				CLANG_WARN_COMMA = YES;
				CLANG_WARN_CONSTANT_CONVERSION = YES;
				CLANG_WARN_DEPRECATED_OBJC_IMPLEMENTATIONS = YES;
				CLANG_WARN_DIRECT_OBJC_ISA_USAGE = YES_ERROR;
				CLANG_WARN_DOCUMENTATION_COMMENTS = YES;
				CLANG_WARN_EMPTY_BODY = YES;
				CLANG_WARN_ENUM_CONVERSION = YES;
				CLANG_WARN_INFINITE_RECURSION = YES;
				CLANG_WARN_INT_CONVERSION = YES;
				CLANG_WARN_NON_LITERAL_NULL_CONVERSION = YES;
				CLANG_WARN_OBJC_IMPLICIT_RETAIN_SELF = YES;
				CLANG_WARN_OBJC_LITERAL_CONVERSION = YES;
				CLANG_WARN_OBJC_ROOT_CLASS = YES_ERROR;
				CLANG_WARN_RANGE_LOOP_ANALYSIS = YES;
				CLANG_WARN_STRICT_PROTOTYPES = YES;
				CLANG_WARN_SUSPICIOUS_MOVE = YES;
				CLANG_WARN_UNGUARDED_AVAILABILITY = YES_AGGRESSIVE;
				CLANG_WARN_UNREACHABLE_CODE = YES;
				CLANG_WARN__DUPLICATE_METHOD_MATCH = YES;
				COPY_PHASE_STRIP = NO;
				CURRENT_PROJECT_VERSION = 1;
				DEBUG_INFORMATION_FORMAT = dwarf;
				ENABLE_STRICT_OBJC_MSGSEND = YES;
				ENABLE_TESTABILITY = YES;
				GCC_C_LANGUAGE_STANDARD = gnu11;
				GCC_DYNAMIC_NO_PIC = NO;
				GCC_NO_COMMON_BLOCKS = YES;
				GCC_OPTIMIZATION_LEVEL = 0;
				GCC_PREPROCESSOR_DEFINITIONS = (
					"DEBUG=1",
					"$(inherited)",
				);
				GCC_WARN_64_TO_32_BIT_CONVERSION = YES;
				GCC_WARN_ABOUT_RETURN_TYPE = YES_ERROR;
				GCC_WARN_UNDECLARED_SELECTOR = YES;
				GCC_WARN_UNINITIALIZED_AUTOS = YES_AGGRESSIVE;
				GCC_WARN_UNUSED_FUNCTION = YES;
				GCC_WARN_UNUSED_VARIABLE = YES;
				IPHONEOS_DEPLOYMENT_TARGET = 13.5;
				MTL_ENABLE_DEBUG_INFO = INCLUDE_SOURCE;
				MTL_FAST_MATH = YES;
				ONLY_ACTIVE_ARCH = YES;
				SDKROOT = iphoneos;
				SWIFT_ACTIVE_COMPILATION_CONDITIONS = DEBUG;
				SWIFT_OPTIMIZATION_LEVEL = "-Onone";
				VERSIONING_SYSTEM = "apple-generic";
				VERSION_INFO_PREFIX = "";
			};
			name = Debug;
		};
		982C405824B4105F00A132E0 /* Release */ = {
			isa = XCBuildConfiguration;
			buildSettings = {
				ALWAYS_SEARCH_USER_PATHS = NO;
				CLANG_ANALYZER_NONNULL = YES;
				CLANG_ANALYZER_NUMBER_OBJECT_CONVERSION = YES_AGGRESSIVE;
				CLANG_CXX_LANGUAGE_STANDARD = "gnu++14";
				CLANG_CXX_LIBRARY = "libc++";
				CLANG_ENABLE_MODULES = YES;
				CLANG_ENABLE_OBJC_ARC = YES;
				CLANG_ENABLE_OBJC_WEAK = YES;
				CLANG_WARN_BLOCK_CAPTURE_AUTORELEASING = YES;
				CLANG_WARN_BOOL_CONVERSION = YES;
				CLANG_WARN_COMMA = YES;
				CLANG_WARN_CONSTANT_CONVERSION = YES;
				CLANG_WARN_DEPRECATED_OBJC_IMPLEMENTATIONS = YES;
				CLANG_WARN_DIRECT_OBJC_ISA_USAGE = YES_ERROR;
				CLANG_WARN_DOCUMENTATION_COMMENTS = YES;
				CLANG_WARN_EMPTY_BODY = YES;
				CLANG_WARN_ENUM_CONVERSION = YES;
				CLANG_WARN_INFINITE_RECURSION = YES;
				CLANG_WARN_INT_CONVERSION = YES;
				CLANG_WARN_NON_LITERAL_NULL_CONVERSION = YES;
				CLANG_WARN_OBJC_IMPLICIT_RETAIN_SELF = YES;
				CLANG_WARN_OBJC_LITERAL_CONVERSION = YES;
				CLANG_WARN_OBJC_ROOT_CLASS = YES_ERROR;
				CLANG_WARN_RANGE_LOOP_ANALYSIS = YES;
				CLANG_WARN_STRICT_PROTOTYPES = YES;
				CLANG_WARN_SUSPICIOUS_MOVE = YES;
				CLANG_WARN_UNGUARDED_AVAILABILITY = YES_AGGRESSIVE;
				CLANG_WARN_UNREACHABLE_CODE = YES;
				CLANG_WARN__DUPLICATE_METHOD_MATCH = YES;
				COPY_PHASE_STRIP = NO;
				CURRENT_PROJECT_VERSION = 1;
				DEBUG_INFORMATION_FORMAT = "dwarf-with-dsym";
				ENABLE_NS_ASSERTIONS = NO;
				ENABLE_STRICT_OBJC_MSGSEND = YES;
				GCC_C_LANGUAGE_STANDARD = gnu11;
				GCC_NO_COMMON_BLOCKS = YES;
				GCC_WARN_64_TO_32_BIT_CONVERSION = YES;
				GCC_WARN_ABOUT_RETURN_TYPE = YES_ERROR;
				GCC_WARN_UNDECLARED_SELECTOR = YES;
				GCC_WARN_UNINITIALIZED_AUTOS = YES_AGGRESSIVE;
				GCC_WARN_UNUSED_FUNCTION = YES;
				GCC_WARN_UNUSED_VARIABLE = YES;
				IPHONEOS_DEPLOYMENT_TARGET = 13.5;
				MTL_ENABLE_DEBUG_INFO = NO;
				MTL_FAST_MATH = YES;
				SDKROOT = iphoneos;
				SWIFT_COMPILATION_MODE = wholemodule;
				SWIFT_OPTIMIZATION_LEVEL = "-O";
				VALIDATE_PRODUCT = YES;
				VERSIONING_SYSTEM = "apple-generic";
				VERSION_INFO_PREFIX = "";
			};
			name = Release;
		};
		982C405A24B4105F00A132E0 /* Debug */ = {
			isa = XCBuildConfiguration;
			buildSettings = {
				CLANG_ENABLE_MODULES = YES;
				CODE_SIGN_STYLE = Automatic;
				DEFINES_MODULE = YES;
				DEVELOPMENT_TEAM = ZFT3A4WCFY;
				DYLIB_COMPATIBILITY_VERSION = 1;
				DYLIB_CURRENT_VERSION = 1;
				DYLIB_INSTALL_NAME_BASE = "@rpath";
				INFOPLIST_FILE = SwiftTar/Info.plist;
				INSTALL_PATH = "$(LOCAL_LIBRARY_DIR)/Frameworks";
				LD_RUNPATH_SEARCH_PATHS = (
					"$(inherited)",
					"@executable_path/Frameworks",
					"@loader_path/Frameworks",
				);
				MARKETING_VERSION = 0.1.0;
				PRODUCT_BUNDLE_IDENTIFIER = com.mrosales.SwiftTar;
				PRODUCT_NAME = "$(TARGET_NAME:c99extidentifier)";
				SKIP_INSTALL = YES;
				SWIFT_OPTIMIZATION_LEVEL = "-Onone";
				SWIFT_VERSION = 5.0;
				TARGETED_DEVICE_FAMILY = "1,2";
			};
			name = Debug;
		};
		982C405B24B4105F00A132E0 /* Release */ = {
			isa = XCBuildConfiguration;
			buildSettings = {
				CLANG_ENABLE_MODULES = YES;
				CODE_SIGN_STYLE = Automatic;
				DEFINES_MODULE = YES;
				DEVELOPMENT_TEAM = ZFT3A4WCFY;
				DYLIB_COMPATIBILITY_VERSION = 1;
				DYLIB_CURRENT_VERSION = 1;
				DYLIB_INSTALL_NAME_BASE = "@rpath";
				INFOPLIST_FILE = SwiftTar/Info.plist;
				INSTALL_PATH = "$(LOCAL_LIBRARY_DIR)/Frameworks";
				LD_RUNPATH_SEARCH_PATHS = (
					"$(inherited)",
					"@executable_path/Frameworks",
					"@loader_path/Frameworks",
				);
				MARKETING_VERSION = 0.1.0;
				PRODUCT_BUNDLE_IDENTIFIER = com.mrosales.SwiftTar;
				PRODUCT_NAME = "$(TARGET_NAME:c99extidentifier)";
				SKIP_INSTALL = YES;
				SWIFT_VERSION = 5.0;
				TARGETED_DEVICE_FAMILY = "1,2";
			};
			name = Release;
		};
		982C405D24B4105F00A132E0 /* Debug */ = {
			isa = XCBuildConfiguration;
			buildSettings = {
				ALWAYS_EMBED_SWIFT_STANDARD_LIBRARIES = YES;
				CODE_SIGN_STYLE = Automatic;
				DEVELOPMENT_TEAM = ZFT3A4WCFY;
				INFOPLIST_FILE = SwiftTarTests/Info.plist;
				LD_RUNPATH_SEARCH_PATHS = (
					"$(inherited)",
					"@executable_path/Frameworks",
					"@loader_path/Frameworks",
				);
				PRODUCT_BUNDLE_IDENTIFIER = com.mrosales.SwiftTarTests;
				PRODUCT_NAME = "$(TARGET_NAME)";
				SWIFT_VERSION = 5.0;
				TARGETED_DEVICE_FAMILY = "1,2";
			};
			name = Debug;
		};
		982C405E24B4105F00A132E0 /* Release */ = {
			isa = XCBuildConfiguration;
			buildSettings = {
				ALWAYS_EMBED_SWIFT_STANDARD_LIBRARIES = YES;
				CODE_SIGN_STYLE = Automatic;
				DEVELOPMENT_TEAM = ZFT3A4WCFY;
				INFOPLIST_FILE = SwiftTarTests/Info.plist;
				LD_RUNPATH_SEARCH_PATHS = (
					"$(inherited)",
					"@executable_path/Frameworks",
					"@loader_path/Frameworks",
				);
				PRODUCT_BUNDLE_IDENTIFIER = com.mrosales.SwiftTarTests;
				PRODUCT_NAME = "$(TARGET_NAME)";
				SWIFT_VERSION = 5.0;
				TARGETED_DEVICE_FAMILY = "1,2";
			};
			name = Release;
		};
/* End XCBuildConfiguration section */

/* Begin XCConfigurationList section */
		982C403F24B4105F00A132E0 /* Build configuration list for PBXProject "SwiftTar" */ = {
			isa = XCConfigurationList;
			buildConfigurations = (
				982C405724B4105F00A132E0 /* Debug */,
				982C405824B4105F00A132E0 /* Release */,
			);
			defaultConfigurationIsVisible = 0;
			defaultConfigurationName = Release;
		};
		982C405924B4105F00A132E0 /* Build configuration list for PBXNativeTarget "SwiftTar" */ = {
			isa = XCConfigurationList;
			buildConfigurations = (
				982C405A24B4105F00A132E0 /* Debug */,
				982C405B24B4105F00A132E0 /* Release */,
			);
			defaultConfigurationIsVisible = 0;
			defaultConfigurationName = Release;
		};
		982C405C24B4105F00A132E0 /* Build configuration list for PBXNativeTarget "SwiftTarTests" */ = {
			isa = XCConfigurationList;
			buildConfigurations = (
				982C405D24B4105F00A132E0 /* Debug */,
				982C405E24B4105F00A132E0 /* Release */,
			);
			defaultConfigurationIsVisible = 0;
			defaultConfigurationName = Release;
		};
/* End XCConfigurationList section */
	};
	rootObject = 982C403C24B4105F00A132E0 /* Project object */;
}
